
Microsoft Visual Studio Solution File, Format Version 12.00
# Visual Studio Version 16
VisualStudioVersion = 16.0.32413.511
MinimumVisualStudioVersion = 10.0.40219.1
Project("{FAE04EC0-301F-11D3-BF4B-00C04F79EFBC}") = "DunkSearch.WebApp", "DunkSearch.WebApp\DunkSearch.WebApp.csproj", "{96969074-2783-476C-AFE9-B4D6FF7C2603}"
EndProject
Project("{FAE04EC0-301F-11D3-BF4B-00C04F79EFBC}") = "DunkSearch.Domain", "DunkSearch.Domain\DunkSearch.Domain.csproj", "{45F4CA9A-CF17-406B-A92E-CD90DA180920}"
EndProject
Project("{FAE04EC0-301F-11D3-BF4B-00C04F79EFBC}") = "DunkSearch.Importer", "DunkSearch.Importer\DunkSearch.Importer.csproj", "{C400209A-A6AD-43E4-83F3-3733C2548F0E}"
EndProject
Project("{00D1A9C2-B5F0-4AF3-8072-F6C62B433612}") = "DunkSearch.Database", "DunkSearch.Database\DunkSearch.Database.sqlproj", "{1FA8FE53-0EAE-4D9D-B61A-9072AFA9A5C9}"
EndProject
Global
	GlobalSection(SolutionConfigurationPlatforms) = preSolution
		Debug|Any CPU = Debug|Any CPU
		Release|Any CPU = Release|Any CPU
	EndGlobalSection
	GlobalSection(ProjectConfigurationPlatforms) = postSolution
		{96969074-2783-476C-AFE9-B4D6FF7C2603}.Debug|Any CPU.ActiveCfg = Debug|Any CPU
		{96969074-2783-476C-AFE9-B4D6FF7C2603}.Debug|Any CPU.Build.0 = Debug|Any CPU
		{96969074-2783-476C-AFE9-B4D6FF7C2603}.Release|Any CPU.ActiveCfg = Release|Any CPU
		{96969074-2783-476C-AFE9-B4D6FF7C2603}.Release|Any CPU.Build.0 = Release|Any CPU
		{45F4CA9A-CF17-406B-A92E-CD90DA180920}.Debug|Any CPU.ActiveCfg = Debug|Any CPU
		{45F4CA9A-CF17-406B-A92E-CD90DA180920}.Debug|Any CPU.Build.0 = Debug|Any CPU
		{45F4CA9A-CF17-406B-A92E-CD90DA180920}.Release|Any CPU.ActiveCfg = Release|Any CPU
		{45F4CA9A-CF17-406B-A92E-CD90DA180920}.Release|Any CPU.Build.0 = Release|Any CPU
		{C400209A-A6AD-43E4-83F3-3733C2548F0E}.Debug|Any CPU.ActiveCfg = Debug|Any CPU
		{C400209A-A6AD-43E4-83F3-3733C2548F0E}.Debug|Any CPU.Build.0 = Debug|Any CPU
		{C400209A-A6AD-43E4-83F3-3733C2548F0E}.Release|Any CPU.ActiveCfg = Release|Any CPU
		{C400209A-A6AD-43E4-83F3-3733C2548F0E}.Release|Any CPU.Build.0 = Release|Any CPU
		{1FA8FE53-0EAE-4D9D-B61A-9072AFA9A5C9}.Debug|Any CPU.ActiveCfg = Debug|Any CPU
		{1FA8FE53-0EAE-4D9D-B61A-9072AFA9A5C9}.Debug|Any CPU.Build.0 = Debug|Any CPU
		{1FA8FE53-0EAE-4D9D-B61A-9072AFA9A5C9}.Debug|Any CPU.Deploy.0 = Debug|Any CPU
		{1FA8FE53-0EAE-4D9D-B61A-9072AFA9A5C9}.Release|Any CPU.ActiveCfg = Release|Any CPU
		{1FA8FE53-0EAE-4D9D-B61A-9072AFA9A5C9}.Release|Any CPU.Build.0 = Release|Any CPU
		{1FA8FE53-0EAE-4D9D-B61A-9072AFA9A5C9}.Release|Any CPU.Deploy.0 = Release|Any CPU
	EndGlobalSection
	GlobalSection(SolutionProperties) = preSolution
		HideSolutionNode = FALSE
	EndGlobalSection
	GlobalSection(ExtensibilityGlobals) = postSolution
		SolutionGuid = {9A6E7062-C770-4CF5-949D-222729274C95}
	EndGlobalSection
EndGlobal
